#MicroXplorer Configuration settings - do not modify
PF7.GPIOParameters=GPIO_Speed,GPIO_PuPd,GPIO_Mode
PF5.GPIO_PuPd=GPIO_NOPULL
PH6.GPIO_Mode=GPIO_MODE_INPUT
PB13.GPIOParameters=GPIO_Speed,GPIO_PuPd,GPIO_Mode
PC7.GPIOParameters=GPIO_ModeDefaultPP,GPIO_Speed,GPIO_PuPd
SH.FMC_D0_DA0.ConfNb=1
USART2.IPParameters=VirtualMode-Asynchronous,AutoBaudRateEnableParam,SwapParam
PI7.GPIOParameters=GPIO_Speed,PinState,GPIO_PuPd,GPIO_ModeDefaultOutputPP
PF10.GPIO_ModeDefaultOutputPP=GPIO_MODE_OUTPUT_PP
SH.FMC_A8.ConfNb=1
SH.FMC_A0.ConfNb=1
SH.FMC_D6_DA6.ConfNb=1
PC10.GPIO_PuPd=GPIO_NOPULL
FMC.SDClockPeriod2=FMC_SDRAM_CLOCK_PERIOD_2
SH.FMC_D9_DA9.ConfNb=1
NVIC.I2C1_EV_IRQn=true\:5\:0\:false\:false\:true\:true\:true\:true
FMC.SDClockPeriod1=FMC_SDRAM_CLOCK_PERIOD_2
SH.FMC_A0.0=FMC_A0,12b-sda1
PE11.GPIOParameters=GPIO_PuPd,GPIO_Speed_High_Default,GPIO_Mode
PK7.GPIO_PuPd=GPIO_NOPULL
VP_ADC1_TempSens_Input.Mode=IN-TempSens
PH12.GPIO_Speed=GPIO_SPEED_FREQ_VERY_HIGH
PA10.GPIO_PuPd=GPIO_NOPULL
PG8.Signal=FMC_SDCLK
PI15.Locked=true
RCC.PLLQCLKFreq_Value=50000000
PC7.Locked=true
PG0.Signal=FMC_A10
PI8.GPIO_Speed=GPIO_SPEED_FREQ_LOW
PA3.GPIO_PuPd=GPIO_NOPULL
PH8.GPIO_Speed=GPIO_SPEED_FREQ_VERY_HIGH
RCC.RTCFreq_Value=1000000
PC0.GPIO_ModeDefaultOutputPP=GPIO_MODE_OUTPUT_PP
PE8.GPIO_Speed_High_Default=GPIO_SPEED_FREQ_VERY_HIGH
PE10.GPIO_PuPd=GPIO_NOPULL
PD10.GPIO_PuPd=GPIO_NOPULL
PD2.GPIOParameters=GPIO_PuPd,GPIO_Speed_High_Default,GPIO_Mode
SH.FMC_SDNWE.ConfNb=1
PG14.GPIOParameters=GPIO_Speed,GPIO_PuPd,GPIO_Mode
USART1.IPParameters=VirtualMode-Asynchronous,AutoBaudRateEnableParam,TxPinLevelInvertParam,RxPinLevelInvertParam
SH.FMC_D5_DA5.0=FMC_D5,sd-16b-d1
PF10.GPIO_PuPd=GPIO_NOPULL
PG10.GPIO_PuPd=GPIO_NOPULL
PA2.GPIOParameters=GPIO_Speed,GPIO_PuPd,GPIO_Mode
PJ2.GPIOParameters=GPIO_Speed,PinState,GPIO_PuPd,GPIO_ModeDefaultOutputPP
PG2.GPIOParameters=GPIO_PuPd,GPIO_Mode
PI10.GPIO_PuPd=GPIO_NOPULL
PH10.GPIO_PuPd=GPIO_NOPULL
SH.FMC_D9_DA9.0=FMC_D9,sd-16b-d1
VP_TIM2_VS_ClockSourceITR.Mode=TriggerSource_ITR1
RCC.LPTIM1Freq_Value=50000000
PG13.GPIO_Mode=GPIO_MODE_AF_PP
NVIC.SVCall_IRQn=true\:0\:0\:false\:false\:false\:false\:false\:false
PD0.GPIO_Speed_High_Default=GPIO_SPEED_FREQ_VERY_HIGH
PE13.GPIO_Mode=GPIO_MODE_AF_PP
PF13.GPIO_Mode=GPIO_MODE_AF_PP
PC13.GPIO_Mode=GPIO_MODE_INPUT
RTC.SynchPrediv=7999
PF7.Signal=SPI5_SCK
PD13.GPIO_Mode=GPIO_MODE_AF_PP
PD7.GPIO_PuPd=GPIO_NOPULL
SH.FMC_SDNWE.0=FMC_SDNWE,12b-sda1
PH9.Signal=GPIO_Input
SH.FMC_D11_DA11.0=FMC_D11,sd-16b-d1
RCC.I2C4Freq_Value=50000000
PB13.GPIO_Mode=GPIO_MODE_AF_PP
PD9.GPIO_Speed_High_Default=GPIO_SPEED_FREQ_VERY_HIGH
I2C2.I2C_Speed_Mode=I2C_Fast
RCC.APB2TimFreq_Value=200000000
PB6.Signal=QUADSPI_BK1_NCS
PC4.GPIO_Mode=GPIO_MODE_AF_PP
PC7.Signal=USART6_RX
RTC.IPParameters=Format,AsynchPrediv,SynchPrediv
PD0.Signal=FMC_D2_DA2
PD8.Signal=FMC_D13_DA13
USART6.VirtualMode-Asynchronous=VM_ASYNC
PA10.GPIO_ModeDefaultPP=GPIO_MODE_AF_PP
PE1.Signal=FMC_NBL1
PH2.GPIO_ModeDefaultOutputPP=GPIO_MODE_OUTPUT_PP
PG5.GPIO_Speed_High_Default=GPIO_SPEED_FREQ_VERY_HIGH
RCC.USART3Freq_Value=50000000
RCC.PLLSAIRCLKFreq_Value=200000000
ProjectManager.ProjectBuild=false
PJ14.Locked=true
NVIC.UsageFault_IRQn=true\:0\:0\:false\:false\:true\:false\:false\:false
PJ12.GPIOParameters=GPIO_Speed,PinState,GPIO_PuPd,GPIO_ModeDefaultOutputPP
PB3.Mode=JTAG_5_pins
PC1.GPIO_PuPd=GPIO_NOPULL
RCC.RTCClockSelection=RCC_RTCCLKSOURCE_HSE_DIV25
PI13.GPIO_ModeDefaultOutputPP=GPIO_MODE_OUTPUT_PP
PG14.Mode=RMII
FMC.SelfRefreshTime1=4
ProjectManager.FirmwarePackage=STM32Cube FW_F7 V1.16.0
PI7.Locked=true
ProjectManager.BackupPrevious=false
PG12.GPIOParameters=GPIO_Speed,PinState,GPIO_PuPd,GPIO_ModeDefaultOutputPP
PE9.Signal=FMC_D6_DA6
SH.FMC_A2.0=FMC_A2,12b-sda1
PC9.Mode=SD_4_bits_Wide_bus
PF10.Locked=true
PC7.GPIO_ModeDefaultPP=GPIO_MODE_AF_PP
PI15.GPIOParameters=GPIO_PuPd,GPIO_Mode
PD14.GPIO_PuPd=GPIO_NOPULL
PJ1.GPIO_Speed=GPIO_SPEED_FREQ_LOW
SH.FMC_D1_DA1.0=FMC_D1,sd-16b-d1
PB6.Locked=true
PK3.GPIO_ModeDefaultOutputPP=GPIO_MODE_OUTPUT_PP
PG4.GPIO_Speed_High_Default=GPIO_SPEED_FREQ_VERY_HIGH
PC15/OSC32_OUT.Locked=true
PH14.GPIO_PuPd=GPIO_NOPULL
VP_FREERTOS_VS_CMSIS_V1.Mode=CMSIS_V1
PF1.GPIO_Mode=GPIO_MODE_AF_PP
PF14.GPIO_PuPd=GPIO_NOPULL
PG0.GPIO_PuPd=GPIO_NOPULL
PH3.GPIO_PuPd=GPIO_NOPULL
ProjectManager.HalAssertFull=true
PB2.GPIO_PuPd=GPIO_NOPULL
PI2.GPIO_PuPd=GPIO_NOPULL
PE6.PinState=GPIO_PIN_RESET
PE9.GPIO_Mode=GPIO_MODE_AF_PP
PJ14.Signal=GPIO_Output
PB9.Signal=I2C1_SDA
PE2.GPIO_Mode=GPIO_MODE_AF_PP
Mcu.Package=TFBGA216
PB1.Signal=GPIO_Input
I2C2.I2C_Fall_Time=25
PH12.Mode=I2C
PA5.Locked=true
NVIC.TimeBase=TIM1_UP_TIM10_IRQn
SPI2.Mode=SPI_MODE_MASTER
PI9.GPIO_Mode=GPIO_MODE_INPUT
PD12.Signal=QUADSPI_BK1_IO1
PB6.GPIO_FM6=__NULL
PH11.Mode=I2C
SH.FMC_SDNCAS.ConfNb=1
SH.FMC_A11.ConfNb=1
NVIC.TimeBaseIP=TIM1
PA10.Signal=USART1_RX
VP_RTC_VS_RTC_Calendar.Mode=RTC_Calendar
PH6.Locked=true
I2C3.I2C_Fall_Time=25
FMC.WriteRecoveryTime1=3
PC11.Mode=SD_4_bits_Wide_bus
PH15.PinState=GPIO_PIN_RESET
PI12.GPIO_Speed=GPIO_SPEED_FREQ_LOW
PH4.PinState=GPIO_PIN_RESET
PH9.Locked=true
PB5.GPIO_Speed=GPIO_SPEED_FREQ_LOW
PA6.GPIO_ModeDefaultOutputPP=GPIO_MODE_OUTPUT_PP
SPI5.CalculateBaudRate=12.5 MBits/s
RCC.APB2CLKDivider=RCC_HCLK_DIV2
PH3.GPIO_Speed_High_Default=GPIO_SPEED_FREQ_VERY_HIGH
RCC.APB1TimFreq_Value=100000000
FREERTOS.configGENERATE_RUN_TIME_STATS=1
PD5.GPIO_Speed=GPIO_SPEED_FREQ_VERY_HIGH
PB0.GPIO_ModeDefaultOutputPP=GPIO_MODE_OUTPUT_PP
FMC.RowCycleDelay2=7
FMC.RowCycleDelay1=7
PE6.Locked=true
PD3.GPIO_PuPd=GPIO_NOPULL
PH8.Mode=I2C
PF9.GPIO_PuPd=GPIO_NOPULL
PD5.Locked=true
PE6.GPIO_PuPd=GPIO_NOPULL
PJ0.Locked=true
PD15.Signal=FMC_D1_DA1
PC0.PinState=GPIO_PIN_RESET
PJ5.GPIO_Speed=GPIO_SPEED_FREQ_LOW
I2C4.I2C_Fall_Time=25
RCC.PLLSAIQCLKFreq_Value=200000000
SH.FMC_D3_DA3.ConfNb=1
PE7.GPIO_Speed_High_Default=GPIO_SPEED_FREQ_VERY_HIGH
PG12.Signal=GPIO_Output
PC8.GPIO_Mode=GPIO_MODE_AF_PP
PA2.GPIO_Mode=GPIO_MODE_AF_PP
PA6.GPIOParameters=GPIO_Speed,PinState,GPIO_PuPd,GPIO_ModeDefaultOutputPP
PB5.GPIO_ModeDefaultOutputPP=GPIO_MODE_OUTPUT_PP
PI5.GPIO_PuPd=GPIO_NOPULL
PD6.GPIOParameters=GPIO_ModeDefaultPP,GPIO_Speed,GPIO_PuPd
Mcu.Pin80=PH3
Mcu.Pin81=PG7
PK4.Signal=GPIO_Output
SH.FMC_A4.0=FMC_A4,12b-sda1
ProjectManager.ProjectFileName=ttvxs-v1.1-rtos.ioc
SH.FMC_A5.ConfNb=1
PI14.PinState=GPIO_PIN_RESET
I2C4.I2C_Speed_Mode=I2C_Fast
FREERTOS.Tasks01=defaultTask,0,128,StartDefaultTask,Default,NULL
Mcu.Pin79=PH5
PI10.Locked=true
Mcu.PinsNb=157
Mcu.Pin73=PF3
Mcu.Pin74=PI14
PD1.GPIO_Speed_High_Default=GPIO_SPEED_FREQ_VERY_HIGH
Mcu.Pin71=PC7
PF4.GPIO_Mode=GPIO_MODE_AF_PP
I2C1.I2C_Fall_Time=25
Mcu.Pin72=PH1/OSC_OUT
PC13.Locked=true
Mcu.Pin77=PC6
Mcu.Pin78=PF4
PG5.Signal=FMC_A15_BA1
Mcu.Pin75=PH4
PC13.Signal=GPIO_Input
Mcu.Pin76=PG8
PE9.GPIO_Speed_High_Default=GPIO_SPEED_FREQ_VERY_HIGH
SH.FMC_D10_DA10.0=FMC_D10,sd-16b-d1
PB6.GPIO_PuPd=GPIO_NOPULL
PI6.GPIO_PuPd=GPIO_NOPULL
PD3.Signal=USART2_CTS
Mcu.Pin70=PC8
PC2.Signal=GPIO_Input
PI12.Signal=GPIO_Output
PA6.PinState=GPIO_PIN_RESET
Mcu.Pin68=PI13
Mcu.Pin69=PI15
PD6.Mode=Asynchronous
Mcu.Pin62=PA9
Mcu.Pin63=PC15/OSC32_OUT
Mcu.Pin60=PH14
PF5.GPIO_Mode=GPIO_MODE_AF_PP
Mcu.Pin61=PI0
Mcu.Pin66=PH0/OSC_IN
Mcu.Pin67=PF2
Mcu.Pin64=PI11
Mcu.Pin65=PC9
PI14.GPIO_ModeDefaultOutputPP=GPIO_MODE_OUTPUT_PP
PG8.GPIO_PuPd=GPIO_NOPULL
ETH.IPParameters=MediaInterface,PhyAddress
PC3.GPIOParameters=GPIO_PuPd,GPIO_Speed_High_Default,GPIO_Mode
PD10.Signal=FMC_D15_DA15
PJ5.PinState=GPIO_PIN_RESET
PC10.GPIO_Mode=GPIO_MODE_AF_PP
PB10.GPIO_Mode=GPIO_MODE_AF_OD
PE15.GPIO_Speed_High_Default=GPIO_SPEED_FREQ_VERY_HIGH
Mcu.Pin59=PI9
Mcu.Pin57=PF1
Mcu.Pin58=PI12
PH11.GPIOParameters=GPIO_Speed,GPIO_PuPdOD,GPIO_Mode
PH4.Locked=true
Mcu.Pin51=PK3
RCC.USART6Freq_Value=100000000
Mcu.Pin52=PD4
Mcu.Pin50=PK4
CORTEX_M7.ART_ACCLERATOR_ENABLE=1
RCC.PLLDSIVCOFreq_Value=1000000000
Mcu.Pin55=PI1
PJ14.GPIO_PuPd=GPIO_NOPULL
Mcu.Pin56=PA10
Mcu.Pin53=PD2
PJ14.GPIOParameters=GPIO_Speed,PinState,GPIO_PuPd,GPIO_ModeDefaultOutputPP
Mcu.Pin54=PH15
LWIP.LWIP_NETIF_LINK_CALLBACK=1
PB1.GPIO_Mode=GPIO_MODE_INPUT
PB13.GPIO_Speed=GPIO_SPEED_FREQ_VERY_HIGH
PB9.Locked=true
PB11.GPIOParameters=GPIO_Speed,GPIO_PuPdOD,GPIO_Mode
PG7.PinState=GPIO_PIN_RESET
PI12.Locked=true
PF5.GPIO_Speed_High_Default=GPIO_SPEED_FREQ_VERY_HIGH
PJ0.PinState=GPIO_PIN_RESET
PI3.GPIOParameters=GPIO_Speed,GPIO_PuPd,GPIO_Mode
Mcu.Pin48=PI10
PG10.GPIO_ModeDefaultOutputPP=GPIO_MODE_OUTPUT_PP
Mcu.Pin49=PI6
Mcu.Pin46=PI5
Mcu.Pin47=PI7
PF3.GPIOParameters=GPIO_PuPd,GPIO_Speed_High_Default,GPIO_Mode
PG6.GPIOParameters=GPIO_Speed,PinState,GPIO_PuPd,GPIO_ModeDefaultOutputPP
PE2.GPIO_PuPd=GPIO_NOPULL
PD7.PinState=GPIO_PIN_RESET
Mcu.Pin40=PD1
PA5.Signal=GPIO_Output
Mcu.Pin41=PI3
PE13.GPIOParameters=GPIO_PuPd,GPIO_Speed_High_Default,GPIO_Mode
PC12.Mode=SD_4_bits_Wide_bus
Mcu.Pin44=PC13
Mcu.Pin45=PF0
Mcu.Pin42=PI2
Mcu.Pin43=PA11
PD14.GPIO_Speed_High_Default=GPIO_SPEED_FREQ_VERY_HIGH
PB13.GPIO_PuPd=GPIO_NOPULL
PF13.GPIO_PuPd=GPIO_NOPULL
PI7.Signal=GPIO_Output
FMC.ReadBurst1=FMC_SDRAM_RBURST_ENABLE
SH.FMC_A6.0=FMC_A6,12b-sda1
FMC.ReadBurst2=FMC_SDRAM_RBURST_ENABLE
PB2.GPIO_Mode=GPIO_MODE_AF_PP
PE14.Signal=FMC_D11_DA11
Mcu.Pin37=PJ14
Mcu.Pin38=PD5
Mcu.Pin35=PG12
RCC.I2C1Freq_Value=50000000
Mcu.Pin36=PG10
PH2.PinState=GPIO_PIN_RESET
RCC.PLLI2SPCLKFreq_Value=200000000
PD4.GPIO_Speed=GPIO_SPEED_FREQ_VERY_HIGH
PH4.GPIO_Speed=GPIO_SPEED_FREQ_LOW
SH.FMC_D14_DA14.ConfNb=1
Mcu.Pin39=PD3
PI2.Signal=SPI2_MISO
VP_ADC1_TempSens_Input.Signal=ADC1_TempSens_Input
Mcu.Pin30=PI8
Mcu.Pin33=PK6
PC9.GPIO_PuPd=GPIO_NOPULL
PE3.GPIO_PuPd=GPIO_NOPULL
Mcu.Pin34=PK5
Mcu.Pin31=PI4
Mcu.Pin32=PK7
PC1.GPIO_Speed=GPIO_SPEED_FREQ_VERY_HIGH
NVIC.NonMaskableInt_IRQn=true\:0\:0\:false\:false\:true\:false\:false\:false
PF13.Signal=FMC_A7
PC10.GPIOParameters=GPIO_PuPd,GPIO_Speed_High_Default,GPIO_Mode
PG14.GPIO_PuPd=GPIO_NOPULL
PI8.PinState=GPIO_PIN_RESET
PC9.GPIOParameters=GPIO_PuPd,GPIO_Speed_High_Default,GPIO_Mode
PF9.GPIOParameters=GPIO_Speed,GPIO_PuPd,GPIO_Mode
RCC.PLLI2SQCLKFreq_Value=200000000
PI9.GPIOParameters=GPIO_PuPd,GPIO_Mode
Mcu.Pin26=PD0
Mcu.Pin27=PC11
Mcu.Pin24=PJ12
Mcu.Pin25=PD6
CORTEX_M7.IPParameters=ART_ACCLERATOR_ENABLE,CPU_ICache,CPU_DCache,PREFETCH_ENABLE
Mcu.Pin28=PC10
PJ13.GPIO_PuPd=GPIO_NOPULL
Mcu.Pin29=PA12
PC8.Mode=SD_4_bits_Wide_bus
PC8.GPIO_PuPd=GPIO_NOPULL
PD14.GPIOParameters=GPIO_PuPd,GPIO_Speed_High_Default,GPIO_Mode
Mcu.Pin22=PG11
PG7.GPIO_ModeDefaultOutputPP=GPIO_MODE_OUTPUT_PP
ETH.MediaInterface=ETH_MEDIA_INTERFACE_RMII
Mcu.Pin23=PJ13
Mcu.Pin20=PB6
ADC1.master=1
Mcu.Pin21=PG15
PA3.Locked=true
PJ0.GPIOParameters=GPIO_Speed,PinState,GPIO_PuPd,GPIO_ModeDefaultOutputPP
PA10.Locked=true
NVIC.ForceEnableDMAVector=true
PB5.GPIO_PuPd=GPIO_NOPULL
NVIC.MemoryManagement_IRQn=true\:0\:0\:false\:false\:true\:false\:false\:false
SH.FMC_SDNRAS.ConfNb=1
ProjectManager.HeapSize=0x200
Mcu.Pin15=PE5
NVIC.HardFault_IRQn=true\:0\:0\:false\:false\:true\:false\:false\:false
Mcu.Pin16=PE6
Mcu.Pin13=PA14
PD0.GPIO_PuPd=GPIO_NOPULL
Mcu.Pin14=PA13
PH6.Signal=GPIO_Input
Mcu.Pin19=PB7
PF10.GPIOParameters=GPIO_Speed,PinState,GPIO_PuPd,GPIO_ModeDefaultOutputPP
PG12.GPIO_Speed=GPIO_SPEED_FREQ_LOW
SH.GPXTI15.ConfNb=1
Mcu.Pin17=PG13
Mcu.Pin18=PB9
NVIC.PriorityGroup=NVIC_PRIORITYGROUP_4
Mcu.Pin11=PC12
PD0.GPIOParameters=GPIO_PuPd,GPIO_Speed_High_Default,GPIO_Mode
Mcu.Pin12=PA15
PI1.GPIO_Mode=GPIO_MODE_AF_PP
PG0.GPIOParameters=GPIO_PuPd,GPIO_Speed_High_Default,GPIO_Mode
PC5.GPIO_Speed=GPIO_SPEED_FREQ_VERY_HIGH
Mcu.Pin10=PD7
PK7.GPIO_Mode=GPIO_MODE_INPUT
PE3.Signal=GPIO_Output
PE4.PinState=GPIO_PIN_RESET
PC15/OSC32_OUT.Signal=GPXTI15
PF4.Signal=FMC_A4
PD2.Signal=SDMMC1_CMD
PD14.GPIO_Mode=GPIO_MODE_AF_PP
RCC.SDMMC2Freq_Value=200000000
PJ14.GPIO_ModeDefaultOutputPP=GPIO_MODE_OUTPUT_PP
PH9.GPIO_Mode=GPIO_MODE_INPUT
PK5.GPIO_ModeDefaultEXTI=GPIO_MODE_IT_RISING
PC1.Mode=RMII
Mcu.Family=STM32F7
FMC.IPParameters=SDClockPeriod1,SDClockPeriod2,ReadBurst1,ReadBurst2,CASLatency1,LoadToActiveDelay1,ExitSelfRefreshDelay1,SelfRefreshTime1,RowCycleDelay1,RowCycleDelay2,WriteRecoveryTime1,RPDelay1,RPDelay2,RCDDelay1
ProjectManager.MainLocation=Core/Src
SH.FMC_A6.ConfNb=1
PK3.Signal=GPIO_Output
PF6.GPIO_ModeDefaultOutputPP=GPIO_MODE_OUTPUT_PP
SPI2.VirtualNSS=VM_NSSHARD
SH.FMC_A8.0=FMC_A8,12b-sda1
Mcu.Pin150=VP_FREERTOS_VS_CMSIS_V1
Mcu.Pin151=VP_LWIP_VS_Enabled
ProjectManager.KeepUserCode=true
PH14.Signal=GPIO_Output
PH10.Signal=GPIO_Input
SH.FMC_D14_DA14.0=FMC_D14,sd-16b-d1
Mcu.Pin156=VP_TIM2_VS_ClockSourceITR
PG2.Signal=GPIO_Input
Mcu.Pin152=VP_RTC_VS_RTC_Activate
Mcu.Pin153=VP_RTC_VS_RTC_Calendar
Mcu.Pin154=VP_SYS_VS_tim1
PG2.Locked=true
Mcu.Pin155=VP_TIM2_VS_ControllerModeTrigger
PB2.GPIO_Speed=GPIO_SPEED_FREQ_VERY_HIGH
PF0.GPIOParameters=GPIO_PuPd,GPIO_Speed_High_Default,GPIO_Mode
PA7.GPIO_Mode=GPIO_MODE_AF_PP
PA12.GPIOParameters=GPIO_Speed,GPIO_PuPd,GPIO_Mode
PA9.GPIOParameters=GPIO_ModeDefaultPP,GPIO_Speed,GPIO_PuPd
PE2.GPIO_Speed=GPIO_SPEED_FREQ_VERY_HIGH
PA11.GPIOParameters=GPIO_Speed,GPIO_PuPd,GPIO_Mode
PA11.Mode=CTS_RTS
PH10.Locked=true
PD6.Locked=true
PF9.GPIO_Speed=GPIO_SPEED_FREQ_VERY_HIGH
PD2.GPIO_Mode=GPIO_MODE_AF_PP
SH.FMC_A14_BA0.0=FMC_BA0,FourSdramBanks1
VP_RTC_VS_RTC_Calendar.Signal=RTC_VS_RTC_Calendar
SH.FMC_A11.0=FMC_A11,12b-sda1
PH2.GPIO_Speed=GPIO_SPEED_FREQ_LOW
PJ2.GPIO_Speed=GPIO_SPEED_FREQ_LOW
PD8.GPIO_PuPd=GPIO_NOPULL
PB15.Signal=GPIO_Input
PF12.GPIOParameters=GPIO_PuPd,GPIO_Speed_High_Default,GPIO_Mode
PG15.Signal=FMC_SDNCAS
PG11.Signal=ETH_TX_EN
PH5.GPIOParameters=GPIO_PuPd,GPIO_Speed_High_Default,GPIO_Mode
PB5.GPIOParameters=GPIO_Speed,PinState,GPIO_PuPd,GPIO_ModeDefaultOutputPP
Mcu.Pin138=PB1
Mcu.Pin139=PB0
PD13.Signal=QUADSPI_BK1_IO3
Mcu.IP4=FREERTOS
Mcu.IP5=I2C1
RCC.FCLKCortexFreq_Value=200000000
PD13.Locked=true
Mcu.IP2=ETH
I2C1.IPParameters=Timing,I2C_Speed_Mode,I2C_Rise_Time,I2C_Fall_Time
Mcu.IP3=FMC
PC11.GPIO_PuPd=GPIO_NOPULL
PK4.GPIOParameters=GPIO_Speed,PinState,GPIO_PuPd,GPIO_ModeDefaultOutputPP
Mcu.IP0=ADC1
Mcu.IP1=CORTEX_M7
PE4.GPIOParameters=GPIO_Speed,PinState,GPIO_PuPd,GPIO_ModeDefaultOutputPP
PH14.GPIO_ModeDefaultOutputPP=GPIO_MODE_OUTPUT_PP
PJ2.Signal=GPIO_Output
PF6.PinState=GPIO_PIN_RESET
PF1.GPIOParameters=GPIO_PuPd,GPIO_Speed_High_Default,GPIO_Mode
RCC.SDMMCFreq_Value=50000000
PE11.GPIO_PuPd=GPIO_NOPULL
Mcu.Pin134=PH8
PB0.PinState=GPIO_PIN_RESET
Mcu.Pin135=PH10
PF11.GPIO_PuPd=GPIO_NOPULL
Mcu.Pin136=PA3
Mcu.Pin137=PA7
Mcu.Pin130=PE11
PB1.GPIO_PuPd=GPIO_NOPULL
Mcu.Pin131=PE14
PJ2.PinState=GPIO_PIN_RESET
Mcu.Pin132=PB10
Mcu.Pin133=PH6
ProjectManager.PreviousToolchain=TrueSTUDIO
PG15.GPIO_Speed_High_Default=GPIO_SPEED_FREQ_VERY_HIGH
PG8.GPIOParameters=GPIO_PuPd,GPIO_Speed_High_Default,GPIO_Mode
Mcu.Pin149=VP_ADC1_TempSens_Input
SH.FMC_NBL1.0=FMC_NBL1,Sd2ByteEnable1
PH4.GPIO_ModeDefaultOutputPP=GPIO_MODE_OUTPUT_PP
PG5.GPIO_PuPd=GPIO_NOPULL
SPI5.CLKPolarity=SPI_POLARITY_HIGH
FREERTOS.IPParameters=Tasks01,configUSE_MALLOC_FAILED_HOOK,configCHECK_FOR_STACK_OVERFLOW,configGENERATE_RUN_TIME_STATS,configUSE_TRACE_FACILITY,configUSE_STATS_FORMATTING_FUNCTIONS,configTOTAL_HEAP_SIZE
PF15.GPIO_Speed_High_Default=GPIO_SPEED_FREQ_VERY_HIGH
PE3.PinState=GPIO_PIN_RESET
PD5.Mode=Asynchronous
PD4.GPIO_Mode=GPIO_MODE_AF_PP
Mcu.Pin140=PJ0
Mcu.Pin145=PE15
I2C3.IPParameters=Timing,I2C_Speed_Mode,I2C_Rise_Time,I2C_Fall_Time
Mcu.Pin146=PE13
RCC.HSE_VALUE=25000000
Mcu.Pin147=PB11
PI2.GPIO_Mode=GPIO_MODE_AF_PP
Mcu.Pin148=PB15
Mcu.Pin141=PJ1
NVIC.DebugMonitor_IRQn=true\:0\:0\:false\:false\:true\:false\:false\:false
PA4.GPIO_PuPd=GPIO_NOPULL
SH.FMC_A14_BA0.ConfNb=1
Mcu.Pin142=PE7
Mcu.Pin143=PE10
Mcu.Pin144=PE12
FMC.ExitSelfRefreshDelay1=7
Mcu.IP10=NVIC
PF7.GPIO_Mode=GPIO_MODE_AF_PP
NVIC.SysTick_IRQn=true\:15\:0\:false\:false\:false\:true\:false\:true
Mcu.IP12=RCC
PE13.GPIO_PuPd=GPIO_NOPULL
Mcu.IP11=QUADSPI
PG11.GPIO_Speed=GPIO_SPEED_FREQ_VERY_HIGH
Mcu.IP18=TIM2
PC4.GPIO_Speed=GPIO_SPEED_FREQ_VERY_HIGH
Mcu.IP17=SYS
Mcu.IP19=USART1
PA6.GPIO_PuPd=GPIO_NOPULL
Mcu.IP14=SDMMC1
PF9.Mode=Full_Duplex_Master
Mcu.IP13=RTC
Mcu.IP16=SPI5
PF7.GPIO_Speed=GPIO_SPEED_FREQ_VERY_HIGH
Mcu.IP15=SPI2
PI4.Locked=true
RCC.VCOInputFreq_Value=1000000
PF8.GPIO_PuPd=GPIO_NOPULL
PA14.Mode=JTAG_5_pins
PI4.GPIO_Speed=GPIO_SPEED_FREQ_LOW
PH7.GPIO_Speed=GPIO_SPEED_FREQ_VERY_HIGH
PF11.Signal=FMC_SDNRAS
PI8.GPIO_PuPd=GPIO_NOPULL
PJ1.GPIO_ModeDefaultOutputPP=GPIO_MODE_OUTPUT_PP
PC13.GPIO_PuPd=GPIO_NOPULL
PE3.GPIOParameters=GPIO_Speed,PinState,GPIO_PuPd,GPIO_ModeDefaultOutputPP
PK3.GPIOParameters=GPIO_Speed,PinState,GPIO_PuPd,GPIO_ModeDefaultOutputPP
PB7.Signal=GPIO_Output
PE3.Locked=true
PG7.GPIO_PuPd=GPIO_NOPULL
Mcu.IP21=USART6
PH6.GPIOParameters=GPIO_PuPd,GPIO_Mode
Mcu.IP20=USART2
PG4.GPIO_Mode=GPIO_MODE_AF_PP
PF11.GPIOParameters=GPIO_PuPd,GPIO_Speed_High_Default,GPIO_Mode
PH12.GPIO_Mode=GPIO_MODE_AF_OD
PB6.GPIOParameters=GPIO_Speed,GPIO_FM6,GPIO_PuPd,GPIO_Mode
PJ5.GPIO_PuPd=GPIO_NOPULL
PB0.Locked=true
PG6.GPIO_ModeDefaultOutputPP=GPIO_MODE_OUTPUT_PP
PB12.GPIO_Mode=GPIO_MODE_AF_PP
PJ13.Locked=true
PA6.Signal=GPIO_Output
PB15.GPIO_PuPd=GPIO_NOPULL
SH.FMC_D4_DA4.ConfNb=1
ProjectManager.ToolChainLocation=
PG1.GPIO_PuPd=GPIO_NOPULL
RCC.DSIFreq_Value=62500000
PA15.Signal=SYS_JTDI
PF8.Signal=SPI5_MISO
PI1.Mode=Full_Duplex_Master
PA10.GPIO_Speed=GPIO_SPEED_FREQ_VERY_HIGH
Mcu.Pin95=PB12
Mcu.Pin96=PD9
Mcu.Pin93=PC3
Mcu.Pin94=PD14
I2C3.Timing=0x00601957
Mcu.Pin99=PC1
Mcu.Pin97=PD8
Mcu.Pin98=PC0
PD0.GPIO_Mode=GPIO_MODE_AF_PP
PG14.GPIO_Mode=GPIO_MODE_AF_PP
Mcu.Pin91=PF9
Mcu.Pin92=PF8
Mcu.Pin90=PF10
PC5.Signal=ETH_RXD1
PE14.GPIO_Mode=GPIO_MODE_AF_PP
PK4.GPIO_Speed=GPIO_SPEED_FREQ_LOW
PE7.Signal=FMC_D4_DA4
PD6.Signal=USART2_RX
I2C4.I2C_Rise_Time=25
PF15.GPIOParameters=GPIO_PuPd,GPIO_Speed_High_Default,GPIO_Mode
PH15.GPIO_PuPd=GPIO_NOPULL
PB9.GPIO_FM9=__NULL
USART2.AutoBaudRateEnableParam=UART_ADVFEATURE_AUTOBAUDRATE_ENABLE
PA12.GPIO_Speed=GPIO_SPEED_FREQ_VERY_HIGH
Mcu.Pin84=PF6
Mcu.Pin85=PF5
PB4.Signal=SYS_JTRST
Mcu.Pin82=PG6
PB15.Locked=true
Mcu.Pin83=PF7
Mcu.Pin88=PB13
PA3.Signal=GPIO_Output
Mcu.Pin89=PD10
Mcu.Pin86=PH2
Mcu.Pin87=PD15
PE0.GPIO_PuPd=GPIO_NOPULL
SH.FMC_A3.ConfNb=1
VP_RTC_VS_RTC_Activate.Signal=RTC_VS_RTC_Activate
PH15.GPIO_Speed=GPIO_SPEED_FREQ_LOW
PG1.GPIO_Mode=GPIO_MODE_AF_PP
PK6.Signal=GPIO_Output
PK6.Locked=true
RCC.I2SFreq_Value=200000000
PK4.Locked=true
PH8.GPIOParameters=GPIO_Speed,GPIO_PuPdOD,GPIO_Mode
PH15.Locked=true
PB8.GPIOParameters=GPIO_Speed,GPIO_PuPdOD,GPIO_FM8,GPIO_Mode
PG7.Locked=true
PG7.Signal=GPIO_Output
RCC.UART7Freq_Value=50000000
PE14.GPIOParameters=GPIO_PuPd,GPIO_Speed_High_Default,GPIO_Mode
PA10.Mode=Asynchronous
NVIC.SavedSvcallIrqHandlerGenerated=true
PC11.Signal=SDMMC1_D3
PI8.GPIO_ModeDefaultOutputPP=GPIO_MODE_OUTPUT_PP
PI14.Signal=GPIO_Output
PC8.Signal=SDMMC1_D0
PC10.Mode=SD_4_bits_Wide_bus
PF10.GPIO_Speed=GPIO_SPEED_FREQ_LOW
PJ2.GPIO_PuPd=GPIO_NOPULL
ProjectManager.DefaultFWLocation=true
PD9.Signal=FMC_D14_DA14
PB12.Locked=true
PD8.GPIO_Speed_High_Default=GPIO_SPEED_FREQ_VERY_HIGH
ProjectManager.DeletePrevious=true
PB10.Locked=true
PA9.GPIO_PuPd=GPIO_NOPULL
SPI5.Mode=SPI_MODE_MASTER
PinOutPanel.CurrentBGAView=Top
RCC.FamilyName=M
PB9.GPIOParameters=GPIO_Speed,GPIO_PuPdOD,GPIO_Mode,GPIO_FM9
PE15.GPIOParameters=GPIO_PuPd,GPIO_Speed_High_Default,GPIO_Mode
PB0.GPIO_Speed=GPIO_SPEED_FREQ_LOW
USART1.VirtualMode-Asynchronous=VM_ASYNC
PA13.Signal=SYS_JTMS-SWDIO
VP_FREERTOS_VS_CMSIS_V1.Signal=FREERTOS_VS_CMSIS_V1
PD4.GPIO_PuPd=GPIO_NOPULL
PA9.Mode=Asynchronous
PJ5.Locked=true
SH.FMC_A15_BA1.ConfNb=1
PH7.GPIOParameters=GPIO_Speed,GPIO_PuPdOD,GPIO_Mode
USART1.TxPinLevelInvertParam=ADVFEATURE_TXINV_ENABLE
PF6.Signal=GPIO_Output
PJ0.GPIO_Speed=GPIO_SPEED_FREQ_LOW
PC9.GPIO_Mode=GPIO_MODE_AF_PP
FREERTOS.configUSE_TRACE_FACILITY=1
PF6.Locked=true
SH.FMC_D13_DA13.0=FMC_D13,sd-16b-d1
PF0.GPIO_Speed_High_Default=GPIO_SPEED_FREQ_VERY_HIGH
PH8.Signal=I2C3_SDA
PB7.GPIOParameters=GPIO_Speed,PinState,GPIO_PuPd,GPIO_ModeDefaultOutputPP,GPIO_FM7
PK4.GPIO_ModeDefaultOutputPP=GPIO_MODE_OUTPUT_PP
PB9.Mode=I2C
PC5.GPIOParameters=GPIO_Speed,GPIO_PuPd,GPIO_Mode
PG2.GPIO_Mode=GPIO_MODE_INPUT
SPI2.IPParameters=VirtualType,Mode,Direction,CalculateBaudRate,VirtualNSS,BaudRatePrescaler,DataSize,CLKPolarity,CLKPhase
PG10.GPIOParameters=GPIO_Speed,PinState,GPIO_PuPd,GPIO_ModeDefaultOutputPP
PE2.GPIOParameters=GPIO_Speed,GPIO_PuPd,GPIO_Mode
RCC.USBFreq_Value=50000000
PI5.GPIOParameters=GPIO_Speed,PinState,GPIO_PuPd,GPIO_ModeDefaultOutputPP
PG12.GPIO_ModeDefaultOutputPP=GPIO_MODE_OUTPUT_PP
PA1.Signal=ETH_REF_CLK
PA7.GPIO_PuPd=GPIO_NOPULL
PI5.GPIO_ModeDefaultOutputPP=GPIO_MODE_OUTPUT_PP
PH5.GPIO_Speed_High_Default=GPIO_SPEED_FREQ_VERY_HIGH
PE10.GPIO_Speed_High_Default=GPIO_SPEED_FREQ_VERY_HIGH
RCC.VCOI2SOutputFreq_Value=400000000
PD2.Mode=SD_4_bits_Wide_bus
PH10.GPIO_Mode=GPIO_MODE_INPUT
PH9.GPIOParameters=GPIO_PuPd,GPIO_Mode
PE10.GPIO_Mode=GPIO_MODE_AF_PP
PJ0.GPIO_PuPd=GPIO_NOPULL
RCC.PLLSAIPCLKFreq_Value=200000000
board=custom
PD13.GPIO_Speed=GPIO_SPEED_FREQ_VERY_HIGH
PC7.GPIO_Speed=GPIO_SPEED_FREQ_VERY_HIGH
RCC.VCOOutputFreq_Value=400000000
PF14.GPIOParameters=GPIO_PuPd,GPIO_Speed_High_Default,GPIO_Mode
PI9.Signal=GPIO_Input
PH12.GPIO_PuPdOD=GPIO_PULLUP
PA4.GPIO_Mode=GPIO_MODE_INPUT
PI9.Locked=true
RCC.UART4Freq_Value=50000000
MxCube.Version=6.1.2
PA5.GPIO_ModeDefaultOutputPP=GPIO_MODE_OUTPUT_PP
PI4.Signal=GPIO_Output
PA1.GPIO_Speed=GPIO_SPEED_FREQ_VERY_HIGH
PD4.GPIOParameters=GPIO_Speed,GPIO_PuPd,GPIO_Mode
PA10.GPIOParameters=GPIO_ModeDefaultPP,GPIO_Speed,GPIO_PuPd
PJ12.GPIO_Speed=GPIO_SPEED_FREQ_LOW
PE11.GPIO_Mode=GPIO_MODE_AF_PP
SH.FMC_D12_DA12.0=FMC_D12,sd-16b-d1
PD5.GPIO_PuPd=GPIO_NOPULL
PE5.Locked=true
PE14.GPIO_PuPd=GPIO_NOPULL
PI1.GPIO_Speed=GPIO_SPEED_FREQ_VERY_HIGH
PF1.Signal=FMC_A1
SH.FMC_D11_DA11.ConfNb=1
RCC.UART5Freq_Value=50000000
PF8.GPIO_Mode=GPIO_MODE_AF_PP
RCC.IPParameters=AHBFreq_Value,APB1CLKDivider,APB1Freq_Value,APB1TimFreq_Value,APB2CLKDivider,APB2Freq_Value,APB2TimFreq_Value,CECFreq_Value,CortexFreq_Value,DFSDMAudioFreq_Value,DFSDMFreq_Value,DSIFreq_Value,DSITXEscFreq_Value,EthernetFreq_Value,FCLKCortexFreq_Value,FamilyName,HCLKFreq_Value,HSE_VALUE,HSI_VALUE,I2C1Freq_Value,I2C2Freq_Value,I2C3Freq_Value,I2C4Freq_Value,I2SFreq_Value,LCDTFTFreq_Value,LPTIM1Freq_Value,LSE_VALUE,LSI_VALUE,MCO2PinFreq_Value,PLLCLKFreq_Value,PLLDSIVCOFreq_Value,PLLI2SN,PLLI2SPCLKFreq_Value,PLLI2SQCLKFreq_Value,PLLI2SRCLKFreq_Value,PLLI2SRoutputFreq_Value,PLLM,PLLN,PLLQ,PLLQCLKFreq_Value,PLLQoutputFreq_Value,PLLRFreq_Value,PLLSAIN,PLLSAIPCLKFreq_Value,PLLSAIQCLKFreq_Value,PLLSAIRCLKFreq_Value,PLLSAIoutputFreq_Value,PLLSourceVirtual,RCC_RTC_Clock_Source_FROM_HSE,RNGFreq_Value,RTCClockSelection,RTCFreq_Value,SAI1Freq_Value,SAI2Freq_Value,SDMMC2Freq_Value,SDMMCClockSelection,SDMMCFreq_Value,SPDIFRXFreq_Value,SYSCLKFreq_VALUE,SYSCLKSource,UART4Freq_Value,UART5Freq_Value,UART7Freq_Value,UART8Freq_Value,USART1Freq_Value,USART2Freq_Value,USART3Freq_Value,USART6Freq_Value,USBFreq_Value,VCOI2SOutputFreq_Value,VCOInputFreq_Value,VCOOutputFreq_Value,VCOSAIOutputFreq_Value
PJ0.Signal=GPIO_Output
ProjectManager.AskForMigrate=true
PE0.Signal=FMC_NBL0
PE12.Signal=FMC_D9_DA9
PE12.GPIO_Mode=GPIO_MODE_AF_PP
NVIC.SavedPendsvIrqHandlerGenerated=true
PB2.Locked=true
Mcu.IP8=I2C4
Mcu.IP9=LWIP
Mcu.IP6=I2C2
Mcu.IP7=I2C3
ProjectManager.CoupleFile=true
RCC.SYSCLKFreq_VALUE=200000000
PI9.GPIO_PuPd=GPIO_NOPULL
PJ1.GPIO_PuPd=GPIO_NOPULL
VP_TIM2_VS_ControllerModeTrigger.Mode=Trigger Mode
KeepUserPlacement=false
USART1.AutoBaudRateEnableParam=UART_ADVFEATURE_AUTOBAUDRATE_ENABLE
PI12.GPIO_ModeDefaultOutputPP=GPIO_MODE_OUTPUT_PP
PB2.Mode=Single Bank 1
PJ5.Signal=GPIO_Output
PE15.GPIO_PuPd=GPIO_NOPULL
PC6.GPIOParameters=GPIO_ModeDefaultPP,GPIO_Speed,GPIO_PuPd
PF13.GPIOParameters=GPIO_PuPd,GPIO_Speed_High_Default,GPIO_Mode
PD11.Mode=Single Bank 1
PG4.GPIO_PuPd=GPIO_NOPULL
PD3.GPIO_Mode=GPIO_MODE_AF_PP
RCC.HSI_VALUE=16000000
PI6.GPIOParameters=GPIO_PuPd,GPIO_Mode
PF9.GPIO_Mode=GPIO_MODE_AF_PP
RCC.PLLQ=8
PI6.GPIO_Mode=GPIO_MODE_INPUT
SH.GPXTI15.0=GPIO_EXTI15
PH3.Signal=FMC_SDNE0
RCC.PLLM=25
RCC.PLLN=400
PJ14.PinState=GPIO_PIN_RESET
PB7.Locked=true
PA9.GPIO_Speed=GPIO_SPEED_FREQ_VERY_HIGH
PA2.Mode=RMII
PI14.Locked=true
PG0.GPIO_Mode=GPIO_MODE_AF_PP
CORTEX_M7.CPU_DCache=Enabled
PD2.GPIO_Speed_High_Default=GPIO_SPEED_FREQ_VERY_HIGH
SH.FMC_D8_DA8.ConfNb=1
PB8.GPIO_Speed=GPIO_SPEED_FREQ_VERY_HIGH
PG14.GPIO_Speed=GPIO_SPEED_FREQ_VERY_HIGH
PD6.GPIO_Speed=GPIO_SPEED_FREQ_VERY_HIGH
PD7.GPIO_ModeDefaultOutputPP=GPIO_MODE_OUTPUT_PP
RCC.PLLI2SN=400
PB12.Signal=CAN2_RX
PB0.GPIO_PuPd=GPIO_NOPULL
PJ13.Signal=GPIO_Output
PG11.GPIOParameters=GPIO_Speed,GPIO_PuPd,GPIO_Mode
PE1.GPIOParameters=GPIO_PuPd,GPIO_Speed_High_Default,GPIO_Mode
PD6.GPIO_PuPd=GPIO_NOPULL
PI12.PinState=GPIO_PIN_RESET
PJ12.GPIO_ModeDefaultOutputPP=GPIO_MODE_OUTPUT_PP
PA6.Locked=true
PA11.GPIO_Speed=GPIO_SPEED_FREQ_VERY_HIGH
PD5.GPIO_ModeDefaultPP=GPIO_MODE_AF_PP
PF15.GPIO_Mode=GPIO_MODE_AF_PP
SH.FMC_D7_DA7.0=FMC_D7,sd-16b-d1
PI15.GPIO_Mode=GPIO_MODE_INPUT
PE15.GPIO_Mode=GPIO_MODE_AF_PP
PK5.Locked=true
PD1.GPIO_Mode=GPIO_MODE_AF_PP
RCC.USART1Freq_Value=100000000
PK5.Signal=GPXTI5
PD15.GPIO_Mode=GPIO_MODE_AF_PP
PB15.GPIO_Mode=GPIO_MODE_INPUT
PE4.GPIO_ModeDefaultOutputPP=GPIO_MODE_OUTPUT_PP
SH.FMC_A4.ConfNb=1
PG6.PinState=GPIO_PIN_RESET
PH12.Signal=I2C4_SDA
PH12.Locked=true
FMC.RCDDelay1=2
I2C1.I2C_Speed_Mode=I2C_Fast_Plus
PI3.GPIO_Mode=GPIO_MODE_AF_PP
PG2.GPIO_PuPd=GPIO_NOPULL
SPI2.VirtualType=VM_MASTER
PB10.Mode=I2C
PG12.PinState=GPIO_PIN_RESET
PG4.Signal=FMC_A14_BA0
RCC.PLLCLKFreq_Value=200000000
PC12.Signal=SDMMC1_CK
I2C1.I2C_Rise_Time=25
PE8.GPIO_PuPd=GPIO_NOPULL
SPI5.DataSize=SPI_DATASIZE_16BIT
PB7.GPIO_FM7=__NULL
PD3.GPIOParameters=GPIO_Speed,GPIO_PuPd,GPIO_Mode
PJ0.GPIO_ModeDefaultOutputPP=GPIO_MODE_OUTPUT_PP
FMC.LoadToActiveDelay1=2
CORTEX_M7.PREFETCH_ENABLE=1
VP_RTC_VS_RTC_Activate.Mode=RTC_Enabled
PI11.Locked=true
PC3.Locked=true
PA3.GPIOParameters=GPIO_Speed,PinState,GPIO_PuPd,GPIO_ModeDefaultOutputPP
SPI5.CLKPhase=SPI_PHASE_2EDGE
PD4.Locked=true
PC5.Mode=RMII
PA3.GPIO_Speed=GPIO_SPEED_FREQ_LOW
PB13.Signal=CAN2_TX
PD3.GPIO_Speed=GPIO_SPEED_FREQ_VERY_HIGH
PA5.PinState=GPIO_PIN_RESET
PG13.Signal=ETH_TXD0
PinOutPanel.RotationAngle=0
RCC.SYSCLKSource=RCC_SYSCLKSOURCE_PLLCLK
PG15.GPIO_Mode=GPIO_MODE_AF_PP
PA9.GPIO_ModeDefaultPP=GPIO_MODE_AF_PP
PB11.GPIO_Speed=GPIO_SPEED_FREQ_VERY_HIGH
SH.FMC_A15_BA1.0=FMC_BA1,FourSdramBanks1
PH8.GPIO_Mode=GPIO_MODE_AF_OD
PI0.GPIO_PuPd=GPIO_NOPULL
PH5.Signal=FMC_SDNWE
PD15.GPIOParameters=GPIO_PuPd,GPIO_Speed_High_Default,GPIO_Mode
PC10.GPIO_Speed_High_Default=GPIO_SPEED_FREQ_VERY_HIGH
RCC.LCDTFTFreq_Value=100000000
PI13.PinState=GPIO_PIN_RESET
LWIP.IPParameters=LWIP_NETIF_LINK_CALLBACK,LWIP_NETIF_STATUS_CALLBACK
I2C4.Timing=0x00601957
PE2.Mode=Single Bank 1
PD4.Signal=USART2_RTS
ADC1.Channel-2\#ChannelRegularConversion=ADC_CHANNEL_TEMPSENSOR
SH.FMC_D10_DA10.ConfNb=1
PB6.Mode=Single Bank 1
PH1/OSC_OUT.Signal=RCC_OSC_OUT
PC3.Signal=FMC_SDCKE0
RCC.SAI2Freq_Value=200000000
PE5.Signal=GPIO_Input
PG0.GPIO_Speed_High_Default=GPIO_SPEED_FREQ_VERY_HIGH
PI3.Mode=Full_Duplex_Master
PA1.GPIO_PuPd=GPIO_NOPULL
PB13.Locked=true
PG13.Locked=true
VP_TIM2_VS_ControllerModeTrigger.Signal=TIM2_VS_ControllerModeTrigger
RCC.RCC_RTC_Clock_Source_FROM_HSE=RCC_RTCCLKSOURCE_HSE_DIV25
PB2.Signal=QUADSPI_CLK
PA4.Locked=true
PD1.GPIOParameters=GPIO_PuPd,GPIO_Speed_High_Default,GPIO_Mode
PE11.GPIO_Speed_High_Default=GPIO_SPEED_FREQ_VERY_HIGH
PH15.GPIO_ModeDefaultOutputPP=GPIO_MODE_OUTPUT_PP
PG1.GPIOParameters=GPIO_PuPd,GPIO_Speed_High_Default,GPIO_Mode
MxDb.Version=DB.6.0.10
PB0.GPIOParameters=GPIO_Speed,PinState,GPIO_PuPd,GPIO_ModeDefaultOutputPP
PE0.GPIOParameters=GPIO_PuPd,GPIO_Speed_High_Default,GPIO_Mode
PG6.GPIO_PuPd=GPIO_NOPULL
PA1.GPIOParameters=GPIO_Speed,GPIO_PuPd,GPIO_Mode
PH11.GPIO_Mode=GPIO_MODE_AF_OD
PF11.GPIO_Mode=GPIO_MODE_AF_PP
PJ1.GPIOParameters=GPIO_Speed,PinState,GPIO_PuPd,GPIO_ModeDefaultOutputPP
PI6.Signal=GPIO_Input
PI3.Signal=SPI2_MOSI
PK6.PinState=GPIO_PIN_RESET
PA5.GPIO_PuPd=GPIO_NOPULL
SH.FMC_D15_DA15.ConfNb=1
PD11.GPIO_Mode=GPIO_MODE_AF_PP
SPI2.CalculateBaudRate=12.5 MBits/s
PF13.GPIO_Speed_High_Default=GPIO_SPEED_FREQ_VERY_HIGH
PE2.Signal=QUADSPI_BK1_IO2
PF8.Mode=Full_Duplex_Master
NVIC.PendSV_IRQn=true\:15\:0\:false\:false\:false\:true\:false\:false
PF3.Signal=FMC_A3
NVIC.I2C1_ER_IRQn=true\:5\:0\:false\:false\:true\:true\:true\:true
PE10.Signal=FMC_D7_DA7
PF1.GPIO_Speed_High_Default=GPIO_SPEED_FREQ_VERY_HIGH
PB7.PinState=GPIO_PIN_RESET
RCC.MCO2PinFreq_Value=200000000
PC8.GPIOParameters=GPIO_PuPd,GPIO_Speed_High_Default,GPIO_Mode
PH10.GPIOParameters=GPIO_PuPd,GPIO_Mode
PI7.PinState=GPIO_PIN_RESET
RCC.SDMMCClockSelection=RCC_SDMMC1CLKSOURCE_CLK48
PI10.GPIO_Speed=GPIO_SPEED_FREQ_LOW
PF8.GPIOParameters=GPIO_Speed,GPIO_PuPd,GPIO_Mode
PI8.GPIOParameters=GPIO_Speed,PinState,GPIO_PuPd,GPIO_ModeDefaultOutputPP
PK6.GPIO_Speed=GPIO_SPEED_FREQ_LOW
PG13.GPIOParameters=GPIO_Speed,GPIO_PuPd,GPIO_Mode
PG5.GPIOParameters=GPIO_PuPd,GPIO_Speed_High_Default,GPIO_Mode
PJ5.GPIOParameters=GPIO_Speed,PinState,GPIO_PuPd,GPIO_ModeDefaultOutputPP
PI7.GPIO_PuPd=GPIO_NOPULL
PE10.GPIOParameters=GPIO_PuPd,GPIO_Speed_High_Default,GPIO_Mode
PD5.GPIOParameters=GPIO_ModeDefaultPP,GPIO_Speed,GPIO_PuPd
I2C2.I2C_Rise_Time=25
PF3.GPIO_PuPd=GPIO_NOPULL
PC6.GPIO_PuPd=GPIO_NOPULL
RCC.DFSDMFreq_Value=100000000
PA5.GPIOParameters=GPIO_Speed,PinState,GPIO_PuPd,GPIO_ModeDefaultOutputPP
PB8.GPIO_PuPdOD=GPIO_PULLUP
SH.FMC_A1.0=FMC_A1,12b-sda1
I2C3.I2C_Rise_Time=25
PH2.Signal=GPIO_Output
SH.FMC_SDCLK.0=FMC_SDCLK,12b-sda1
PC2.GPIO_Mode=GPIO_MODE_INPUT
PG12.GPIO_PuPd=GPIO_NOPULL
RCC.CECFreq_Value=32786.88524590164
PF14.Signal=FMC_A8
PI4.GPIOParameters=GPIO_Speed,PinState,GPIO_PuPd,GPIO_ModeDefaultOutputPP
NVIC.BusFault_IRQn=true\:0\:0\:false\:false\:true\:false\:false\:false
PJ13.GPIOParameters=GPIO_Speed,PinState,GPIO_PuPd,GPIO_ModeDefaultOutputPP
PB10.GPIOParameters=GPIO_Speed,GPIO_PuPdOD,GPIO_Mode
PC12.GPIO_PuPd=GPIO_NOPULL
PI11.Signal=GPIO_Input
PA6.GPIO_Speed=GPIO_SPEED_FREQ_LOW
PB11.GPIO_Mode=GPIO_MODE_AF_OD
RCC.DFSDMAudioFreq_Value=200000000
PI12.GPIO_PuPd=GPIO_NOPULL
NVIC.USART1_IRQn=true\:5\:0\:false\:false\:true\:true\:true\:true
PA12.GPIO_PuPd=GPIO_NOPULL
PD9.GPIO_PuPd=GPIO_NOPULL
PE6.GPIO_Speed=GPIO_SPEED_FREQ_LOW
PC6.GPIO_Speed=GPIO_SPEED_FREQ_VERY_HIGH
SH.FMC_D3_DA3.0=FMC_D3,sd-16b-d1
SPI5.VirtualType=VM_MASTER
ProjectManager.CustomerFirmwarePackage=
PC4.GPIOParameters=GPIO_Speed,GPIO_PuPd,GPIO_Mode
PF4.GPIOParameters=GPIO_PuPd,GPIO_Speed_High_Default,GPIO_Mode
PC4.Mode=RMII
PG6.GPIO_Speed=GPIO_SPEED_FREQ_LOW
PE12.GPIO_PuPd=GPIO_NOPULL
PI14.GPIO_Speed=GPIO_SPEED_FREQ_LOW
PD8.GPIO_Mode=GPIO_MODE_AF_PP
PB7.GPIO_PuPd=GPIO_NOPULL
PH12.GPIOParameters=GPIO_Speed,GPIO_PuPdOD,GPIO_Mode
PK3.PinState=GPIO_PIN_RESET
SH.FMC_A7.ConfNb=1
PH15.Signal=GPIO_Output
RCC.PLLQoutputFreq_Value=50000000
SH.FMC_A1.ConfNb=1
PA3.GPIO_ModeDefaultOutputPP=GPIO_MODE_OUTPUT_PP
PA1.GPIO_Mode=GPIO_MODE_AF_PP
PD2.GPIO_PuPd=GPIO_NOPULL
ADC1.IPParameters=Rank-2\#ChannelRegularConversion,Channel-2\#ChannelRegularConversion,SamplingTime-2\#ChannelRegularConversion,NbrOfConversionFlag,master
PH7.GPIO_PuPdOD=GPIO_PULLUP
FREERTOS.configCHECK_FOR_STACK_OVERFLOW=2
PB10.GPIO_PuPdOD=GPIO_PULLUP
PD9.GPIO_Mode=GPIO_MODE_AF_PP
PB11.GPIO_PuPdOD=GPIO_PULLUP
PC6.Signal=USART6_TX
PD7.Signal=GPIO_Output
PD13.GPIOParameters=GPIO_Speed,GPIO_PuPd,GPIO_Mode
PD1.Signal=FMC_D3_DA3
PE1.GPIO_PuPd=GPIO_NOPULL
PD1.GPIO_PuPd=GPIO_NOPULL
RCC.UART8Freq_Value=50000000
PC0.Signal=GPIO_Output
RCC.APB1CLKDivider=RCC_HCLK_DIV4
PG1.GPIO_Speed_High_Default=GPIO_SPEED_FREQ_VERY_HIGH
PC11.GPIOParameters=GPIO_PuPd,GPIO_Speed_High_Default,GPIO_Mode
PI2.Mode=Full_Duplex_Master
PF11.GPIO_Speed_High_Default=GPIO_SPEED_FREQ_VERY_HIGH
PG10.Signal=GPIO_Output
PG10.Locked=true
PD10.GPIO_Speed_High_Default=GPIO_SPEED_FREQ_VERY_HIGH
SH.FMC_A3.0=FMC_A3,12b-sda1
PA11.Locked=true
PK6.GPIO_ModeDefaultOutputPP=GPIO_MODE_OUTPUT_PP
FMC.CASLatency1=FMC_SDRAM_CAS_LATENCY_3
PF2.GPIO_Mode=GPIO_MODE_AF_PP
PB11.Mode=I2C
PI0.GPIO_Speed=GPIO_SPEED_FREQ_VERY_HIGH
SH.FMC_D15_DA15.0=FMC_D15,sd-16b-d1
PC6.Mode=Asynchronous
PD11.GPIO_Speed=GPIO_SPEED_FREQ_VERY_HIGH
PI3.GPIO_PuPd=GPIO_NOPULL
PC6.Locked=true
PA9.Signal=USART1_TX
I2C1.Timing=0x0030081D
PB5.Locked=true
RTC.Format=RTC_FORMAT_BIN
PJ13.GPIO_Speed=GPIO_SPEED_FREQ_LOW
PC7.GPIO_PuPd=GPIO_NOPULL
PD7.Locked=true
PB10.Signal=I2C2_SCL
PJ14.GPIO_Speed=GPIO_SPEED_FREQ_LOW
ProjectManager.LastFirmware=true
Mcu.Pin116=PD11
PA7.GPIO_Speed=GPIO_SPEED_FREQ_VERY_HIGH
PI2.GPIOParameters=GPIO_Speed,GPIO_PuPd,GPIO_Mode
Mcu.Pin117=PG5
PF2.GPIOParameters=GPIO_PuPd,GPIO_Speed_High_Default,GPIO_Mode
Mcu.Pin118=PG4
PI0.GPIO_Mode=GPIO_MODE_AF_PP
Mcu.Pin119=PH7
PI6.Locked=true
PA1.Mode=RMII
PE15.Signal=FMC_D12_DA12
PG11.GPIO_Mode=GPIO_MODE_AF_PP
PI7.GPIO_Speed=GPIO_SPEED_FREQ_LOW
PE8.Signal=FMC_D5_DA5
PG5.GPIO_Mode=GPIO_MODE_AF_PP
VP_SYS_VS_tim1.Signal=SYS_VS_tim1
PI1.Signal=SPI2_SCK
RCC.RNGFreq_Value=50000000
PC11.GPIO_Mode=GPIO_MODE_AF_PP
PC2.GPIOParameters=GPIO_PuPd,GPIO_Mode
Mcu.Pin112=PC4
Mcu.Pin113=PF13
Mcu.Pin114=PG0
RCC.EthernetFreq_Value=200000000
Mcu.Pin115=PE8
PI7.GPIO_ModeDefaultOutputPP=GPIO_MODE_OUTPUT_PP
Mcu.Pin110=PA1
Mcu.Pin111=PA4
PA9.Locked=true
PH14.PinState=GPIO_PIN_RESET
Mcu.Pin127=PJ2
Mcu.Pin128=PF11
Mcu.Pin129=PE9
PA13.Mode=JTAG_5_pins
SH.FMC_SDNCAS.0=FMC_SDNCAS,12b-sda1
ProjectManager.FreePins=false
SH.FMC_NBL1.ConfNb=1
PF14.GPIO_Speed_High_Default=GPIO_SPEED_FREQ_VERY_HIGH
PJ1.Locked=true
ProjectManager.UnderRoot=true
PE4.GPIO_PuPd=GPIO_NOPULL
PF7.GPIO_PuPd=GPIO_NOPULL
PC12.GPIO_Speed_High_Default=GPIO_SPEED_FREQ_VERY_HIGH
Mcu.Pin123=PA6
SH.FMC_D7_DA7.ConfNb=1
PC8.GPIO_Speed_High_Default=GPIO_SPEED_FREQ_VERY_HIGH
Mcu.Pin124=PA5
PA4.Signal=GPIO_Input
Mcu.Pin125=PC5
Mcu.Pin126=PF14
PB5.Signal=GPIO_Output
PC12.GPIO_Mode=GPIO_MODE_AF_PP
PG15.GPIOParameters=GPIO_PuPd,GPIO_Speed_High_Default,GPIO_Mode
Mcu.Pin120=PH9
Mcu.Pin121=PH11
PD12.Mode=Single Bank 1
Mcu.Pin122=PA2
PE3.GPIO_Speed=GPIO_SPEED_FREQ_LOW
PE3.GPIO_ModeDefaultOutputPP=GPIO_MODE_OUTPUT_PP
PI3.GPIO_Speed=GPIO_SPEED_FREQ_VERY_HIGH
PD11.Signal=QUADSPI_BK1_IO0
SH.FMC_A10.ConfNb=1
ProjectManager.CompilerOptimize=6
PG11.Mode=RMII
SH.FMC_A5.0=FMC_A5,12b-sda1
PA11.Signal=USART1_CTS
PC5.GPIO_Mode=GPIO_MODE_AF_PP
PH5.Locked=true
LWIP.Version=v2.1.2_Cube
PE12.GPIO_Speed_High_Default=GPIO_SPEED_FREQ_VERY_HIGH
NVIC.TIM1_UP_TIM10_IRQn=true\:0\:0\:false\:false\:true\:false\:false\:true
ProjectManager.ComputerToolchain=false
PF9.Signal=SPI5_MOSI
PI10.GPIO_ModeDefaultOutputPP=GPIO_MODE_OUTPUT_PP
PB8.Mode=I2C
PF6.GPIO_PuPd=GPIO_NOPULL
PG8.GPIO_Speed_High_Default=GPIO_SPEED_FREQ_VERY_HIGH
Mcu.Pin109=PH12
PF12.GPIO_PuPd=GPIO_NOPULL
PA3.PinState=GPIO_PIN_RESET
Mcu.Pin105=PD12
Mcu.Pin106=PD13
SPI2.DataSize=SPI_DATASIZE_16BIT
PI4.GPIO_PuPd=GPIO_NOPULL
Mcu.Pin107=PG2
Mcu.Pin108=PJ5
PE12.GPIOParameters=GPIO_PuPd,GPIO_Speed_High_Default,GPIO_Mode
PJ12.GPIO_PuPd=GPIO_NOPULL
PI5.PinState=GPIO_PIN_RESET
PB6.GPIO_Speed=GPIO_SPEED_FREQ_VERY_HIGH
SH.FMC_D12_DA12.ConfNb=1
PB12.GPIO_PuPd=GPIO_NOPULL
RCC.I2C2Freq_Value=50000000
PI13.GPIO_Speed=GPIO_SPEED_FREQ_LOW
SPI5.IPParameters=VirtualType,Mode,Direction,CalculateBaudRate,BaudRatePrescaler,DataSize,CLKPolarity,CLKPhase
PF10.PinState=GPIO_PIN_RESET
PB0.Signal=GPIO_Output
PA7.GPIOParameters=GPIO_Speed,GPIO_PuPd,GPIO_Mode
PE0.GPIO_Mode=GPIO_MODE_AF_PP
PC0.Locked=true
PB12.GPIOParameters=GPIO_Speed,GPIO_PuPd,GPIO_Mode
PC1.Signal=ETH_MDC
PD7.GPIOParameters=GPIO_Speed,PinState,GPIO_PuPd,GPIO_ModeDefaultOutputPP
PG15.GPIO_PuPd=GPIO_NOPULL
PF3.GPIO_Mode=GPIO_MODE_AF_PP
PG7.GPIOParameters=GPIO_Speed,PinState,GPIO_PuPd,GPIO_ModeDefaultOutputPP
Mcu.Pin101=PB2
Mcu.Pin102=PF12
Mcu.Pin103=PG1
Mcu.Pin104=PF15
PF6.GPIO_Speed=GPIO_SPEED_FREQ_LOW
I2C3.I2C_Speed_Mode=I2C_Fast
PF2.GPIO_Speed_High_Default=GPIO_SPEED_FREQ_VERY_HIGH
Mcu.Pin100=PC2
PC3.Mode=SdramChipSelect1_1
PK7.Signal=GPIO_Input
PC3.GPIO_Mode=GPIO_MODE_AF_PP
PA2.GPIO_PuPd=GPIO_NOPULL
PK7.Locked=true
I2C2.IPParameters=Timing,I2C_Rise_Time,I2C_Fall_Time,I2C_Speed_Mode
PE7.GPIO_PuPd=GPIO_NOPULL
RCC.SAI1Freq_Value=200000000
RCC.CortexFreq_Value=200000000
SH.FMC_A2.ConfNb=1
PG6.Signal=GPIO_Output
PH14.Locked=true
PI10.GPIOParameters=GPIO_Speed,PinState,GPIO_PuPd,GPIO_ModeDefaultOutputPP
Mcu.UserName=STM32F769NIHx
PB10.GPIO_Speed=GPIO_SPEED_FREQ_VERY_HIGH
PB6.GPIO_Mode=GPIO_MODE_AF_PP
PD9.GPIOParameters=GPIO_PuPd,GPIO_Speed_High_Default,GPIO_Mode
USART2.SwapParam=ADVFEATURE_SWAP_ENABLE
PF4.GPIO_Speed_High_Default=GPIO_SPEED_FREQ_VERY_HIGH
PG6.Locked=true
PC10.Signal=SDMMC1_D2
PF4.GPIO_PuPd=GPIO_NOPULL
I2C2.Timing=0x00601957
SH.FMC_NBL0.0=FMC_NBL0,Sd2ByteEnable1
PI13.Locked=true
ProjectManager.functionlistsort=1-MX_GPIO_Init-GPIO-false-HAL-true,2-SystemClock_Config-RCC-false-HAL-false,3-MX_FMC_Init-FMC-false-HAL-true,4-MX_I2C1_Init-I2C1-false-LL-true,5-MX_I2C2_Init-I2C2-false-HAL-true,6-MX_I2C3_Init-I2C3-false-HAL-true,7-MX_I2C4_Init-I2C4-false-HAL-true,8-MX_QUADSPI_Init-QUADSPI-false-HAL-true,9-MX_SDMMC1_SD_Init-SDMMC1-false-HAL-true,10-MX_SPI2_Init-SPI2-false-HAL-true,11-MX_SPI5_Init-SPI5-false-HAL-true,12-MX_TIM2_Init-TIM2-false-HAL-true,13-MX_USART1_UART_Init-USART1-false-LL-true,14-MX_USART2_UART_Init-USART2-false-LL-true,15-MX_USART6_UART_Init-USART6-false-HAL-true,16-MX_LWIP_Init-LWIP-false-HAL-false,17-MX_ADC1_Init-ADC1-false-HAL-true,18-MX_RTC_Init-RTC-false-HAL-true,0-MX_CORTEX_M7_Init-CORTEX_M7-false-HAL-true
PC0.GPIOParameters=GPIO_Speed,PinState,GPIO_PuPd,GPIO_ModeDefaultOutputPP
PA2.GPIO_Speed=GPIO_SPEED_FREQ_VERY_HIGH
SH.FMC_D6_DA6.0=FMC_D6,sd-16b-d1
RCC.PLLI2SRCLKFreq_Value=200000000
RCC.USART2Freq_Value=50000000
PH7.GPIO_Mode=GPIO_MODE_AF_OD
PA11.GPIO_PuPd=GPIO_NOPULL
PE14.GPIO_Speed_High_Default=GPIO_SPEED_FREQ_VERY_HIGH
PB11.Signal=I2C2_SDA
PI2.GPIO_Speed=GPIO_SPEED_FREQ_VERY_HIGH
PI0.GPIOParameters=GPIO_Speed,GPIO_PuPd,GPIO_Mode
PG8.GPIO_Mode=GPIO_MODE_AF_PP
PK5.GPIOParameters=GPIO_PuPd,GPIO_ModeDefaultEXTI
PE5.GPIOParameters=GPIO_PuPd,GPIO_Mode
ProjectManager.StackSize=0x400
PI11.GPIO_PuPd=GPIO_NOPULL
PH2.GPIO_PuPd=GPIO_NOPULL
PI11.GPIOParameters=GPIO_PuPd,GPIO_Mode
PH3.Mode=SdramChipSelect1_1
RCC.I2C3Freq_Value=50000000
PH11.GPIO_Speed=GPIO_SPEED_FREQ_VERY_HIGH
PK6.GPIO_PuPd=GPIO_NOPULL
PD11.GPIO_PuPd=GPIO_NOPULL
PA12.Locked=true
SH.FMC_A7.0=FMC_A7,12b-sda1
PA12.Signal=USART1_RTS
PH4.GPIOParameters=GPIO_Speed,PinState,GPIO_PuPd,GPIO_ModeDefaultOutputPP
SPI2.CLKPolarity=SPI_POLARITY_HIGH
Mcu.UserConstants=
PE5.GPIO_PuPd=GPIO_NOPULL
PH7.Locked=true
PI1.GPIOParameters=GPIO_Speed,GPIO_PuPd,GPIO_Mode
PC1.GPIOParameters=GPIO_Speed,GPIO_PuPd,GPIO_Mode
Mcu.ThirdPartyNb=0
PE1.GPIO_Mode=GPIO_MODE_AF_PP
PC6.GPIO_ModeDefaultPP=GPIO_MODE_AF_PP
FREERTOS.configUSE_STATS_FORMATTING_FUNCTIONS=1
PG11.GPIO_PuPd=GPIO_NOPULL
PH0/OSC_IN.Mode=HSE-External-Clock-Source
RCC.HCLKFreq_Value=200000000
Mcu.IPNb=22
RCC.PLLI2SRoutputFreq_Value=200000000
RCC.SPDIFRXFreq_Value=200000000
PH5.GPIO_Mode=GPIO_MODE_AF_PP
PB5.PinState=GPIO_PIN_RESET
PJ13.PinState=GPIO_PIN_RESET
PF2.GPIO_PuPd=GPIO_NOPULL
PD8.GPIOParameters=GPIO_PuPd,GPIO_Speed_High_Default,GPIO_Mode
PF12.Signal=FMC_A6
FREERTOS.configUSE_MALLOC_FAILED_HOOK=1
Mcu.Pin6=PB8
PH15.GPIOParameters=GPIO_Speed,PinState,GPIO_PuPd,GPIO_ModeDefaultOutputPP
Mcu.Pin7=PB5
Mcu.Pin8=PB4
Mcu.Pin9=PB3
RCC.VCOSAIOutputFreq_Value=400000000
PI13.Signal=GPIO_Output
PC9.GPIO_Speed_High_Default=GPIO_SPEED_FREQ_VERY_HIGH
PJ2.Locked=true
SH.FMC_A10.0=FMC_A10,12b-sda1
RCC.AHBFreq_Value=200000000
SPI2.BaudRatePrescaler=SPI_BAUDRATEPRESCALER_4
Mcu.Pin0=PE4
Mcu.Pin1=PE3
NVIC.ETH_IRQn=true\:5\:0\:false\:false\:true\:true\:false\:true
Mcu.Pin2=PE2
Mcu.Pin3=PG14
PI4.PinState=GPIO_PIN_RESET
PI4.GPIO_ModeDefaultOutputPP=GPIO_MODE_OUTPUT_PP
PK3.Locked=true
PC1.GPIO_Mode=GPIO_MODE_AF_PP
Mcu.Pin4=PE1
PD10.GPIOParameters=GPIO_PuPd,GPIO_Speed_High_Default,GPIO_Mode
Mcu.Pin5=PE0
SH.FMC_D8_DA8.0=FMC_D8,sd-16b-d1
FMC.RPDelay2=2
USART2.VirtualMode-Asynchronous=VM_ASYNC
FMC.RPDelay1=2
PA15.Mode=JTAG_5_pins
PH11.GPIO_PuPdOD=GPIO_PULLUP
PG13.GPIO_PuPd=GPIO_NOPULL
PJ5.GPIO_ModeDefaultOutputPP=GPIO_MODE_OUTPUT_PP
PD7.GPIO_Speed=GPIO_SPEED_FREQ_LOW
PI8.Signal=GPIO_Output
SH.FMC_D2_DA2.0=FMC_D2,sd-16b-d1
PH4.GPIO_PuPd=GPIO_NOPULL
PI13.GPIO_PuPd=GPIO_NOPULL
ADC1.Rank-2\#ChannelRegularConversion=1
PB4.Mode=JTAG_5_pins
PE13.Signal=FMC_D10_DA10
PI1.GPIO_PuPd=GPIO_NOPULL
PI5.Locked=true
PE0.GPIO_Speed_High_Default=GPIO_SPEED_FREQ_VERY_HIGH
PI5.Signal=GPIO_Output
PE4.GPIO_Speed=GPIO_SPEED_FREQ_LOW
VP_SYS_VS_tim1.Mode=TIM1
PI0.Signal=SPI2_NSS
PE6.GPIO_ModeDefaultOutputPP=GPIO_MODE_OUTPUT_PP
File.Version=6
RTC.AsynchPrediv=124
SH.FMC_D5_DA5.ConfNb=1
PH3.GPIOParameters=GPIO_PuPd,GPIO_Speed_High_Default,GPIO_Mode
SH.FMC_D2_DA2.ConfNb=1
PB8.Locked=true
PG13.Mode=RMII
PK6.GPIOParameters=GPIO_Speed,PinState,GPIO_PuPd,GPIO_ModeDefaultOutputPP
SH.FMC_SDNRAS.0=FMC_SDNRAS,12b-sda1
PE4.Signal=GPIO_Output
PH1/OSC_OUT.Mode=HSE-External-Clock-Source
PE6.GPIOParameters=GPIO_Speed,PinState,GPIO_PuPd,GPIO_ModeDefaultOutputPP
FREERTOS.configTOTAL_HEAP_SIZE=131072
PI12.GPIOParameters=GPIO_Speed,PinState,GPIO_PuPd,GPIO_ModeDefaultOutputPP
PF12.GPIO_Mode=GPIO_MODE_AF_PP
PD12.GPIO_Mode=GPIO_MODE_AF_PP
ProjectManager.ProjectName=ttvxs-v1.1-rtos
PH7.Mode=I2C
SPI5.BaudRatePrescaler=SPI_BAUDRATEPRESCALER_8
SH.FMC_D0_DA0.0=FMC_D0,sd-16b-d1
PJ12.Signal=GPIO_Output
PI10.PinState=GPIO_PIN_RESET
PH9.GPIO_PuPd=GPIO_NOPULL
PD15.GPIO_PuPd=GPIO_NOPULL
PF15.GPIO_PuPd=GPIO_NOPULL
RCC.LSI_VALUE=32000
SH.GPXTI5.ConfNb=1
PF3.GPIO_Speed_High_Default=GPIO_SPEED_FREQ_VERY_HIGH
SH.FMC_A9.0=FMC_A9,12b-sda1
PJ1.Signal=GPIO_Output
SH.FMC_D4_DA4.0=FMC_D4,sd-16b-d1
PE8.GPIO_Mode=GPIO_MODE_AF_PP
SPI2.CLKPhase=SPI_PHASE_2EDGE
RCC.PLLSAIN=400
PF5.Signal=FMC_A5
PH7.Signal=I2C3_SCL
PB9.GPIO_Speed=GPIO_SPEED_FREQ_VERY_HIGH
PE13.GPIO_Speed_High_Default=GPIO_SPEED_FREQ_VERY_HIGH
PG10.PinState=GPIO_PIN_RESET
PG13.GPIO_Speed=GPIO_SPEED_FREQ_VERY_HIGH
SPI2.Direction=SPI_DIRECTION_2LINES
PF0.Signal=FMC_A0
PC0.GPIO_PuPd=GPIO_NOPULL
SH.FMC_NBL0.ConfNb=1
PJ12.PinState=GPIO_PIN_RESET
PJ13.GPIO_ModeDefaultOutputPP=GPIO_MODE_OUTPUT_PP
PF0.GPIO_Mode=GPIO_MODE_AF_PP
VP_LWIP_VS_Enabled.Signal=LWIP_VS_Enabled
PH14.GPIOParameters=GPIO_Speed,PinState,GPIO_PuPd,GPIO_ModeDefaultOutputPP
PB7.GPIO_Speed=GPIO_SPEED_FREQ_LOW
RCC.PLLSourceVirtual=RCC_PLLSOURCE_HSE
SH.GPXTI5.0=GPIO_EXTI5
PE8.GPIOParameters=GPIO_PuPd,GPIO_Speed_High_Default,GPIO_Mode
SH.FMC_A9.ConfNb=1
CORTEX_M7.CPU_ICache=Enabled
PD12.GPIO_Speed=GPIO_SPEED_FREQ_VERY_HIGH
PA7.Mode=RMII
PH11.Signal=I2C4_SCL
ProjectManager.NoMain=false
PB8.GPIO_FM8=__NULL
PC4.GPIO_PuPd=GPIO_NOPULL
USART6.IPParameters=VirtualMode-Asynchronous
PG1.Signal=FMC_A11
USART1.RxPinLevelInvertParam=ADVFEATURE_RXINV_ENABLE
RCC.PLLRFreq_Value=200000000
PH8.GPIO_PuPdOD=GPIO_PULLUP
SH.FMC_SDCLK.ConfNb=1
PC4.Signal=ETH_RXD0
PI14.GPIOParameters=GPIO_Speed,PinState,GPIO_PuPd,GPIO_ModeDefaultOutputPP
PE5.GPIO_Mode=GPIO_MODE_INPUT
PI10.Signal=GPIO_Output
PD5.Signal=USART2_TX
PC5.GPIO_PuPd=GPIO_NOPULL
PG10.GPIO_Speed=GPIO_SPEED_FREQ_LOW
ETH.PhyAddress=0
NVIC.USART2_IRQn=true\:5\:0\:false\:false\:true\:true\:true\:true
PI13.GPIOParameters=GPIO_Speed,PinState,GPIO_PuPd,GPIO_ModeDefaultOutputPP
ADC1.SamplingTime-2\#ChannelRegularConversion=ADC_SAMPLETIME_3CYCLES
PH6.GPIO_PuPd=GPIO_NOPULL
NVIC.SPI5_IRQn=true\:5\:0\:false\:false\:true\:true\:true\:true
VP_LWIP_VS_Enabled.Mode=Enabled
PD6.GPIO_ModeDefaultPP=GPIO_MODE_AF_PP
PE9.GPIOParameters=GPIO_PuPd,GPIO_Speed_High_Default,GPIO_Mode
RCC.DSITXEscFreq_Value=15625000
PC12.GPIOParameters=GPIO_PuPd,GPIO_Speed_High_Default,GPIO_Mode
PD10.GPIO_Mode=GPIO_MODE_AF_PP
PF7.Mode=Full_Duplex_Master
PC0.GPIO_Speed=GPIO_SPEED_FREQ_LOW
PJ2.GPIO_ModeDefaultOutputPP=GPIO_MODE_OUTPUT_PP
PD15.GPIO_Speed_High_Default=GPIO_SPEED_FREQ_VERY_HIGH
PH4.Signal=GPIO_Output
PK7.GPIOParameters=GPIO_PuPd,GPIO_Mode
PD12.GPIOParameters=GPIO_Speed,GPIO_PuPd,GPIO_Mode
PI14.GPIO_PuPd=GPIO_NOPULL
ProjectManager.TargetToolchain=TrueSTUDIO
PE7.GPIOParameters=GPIO_PuPd,GPIO_Speed_High_Default,GPIO_Mode
PH5.GPIO_PuPd=GPIO_NOPULL
SH.FMC_D1_DA1.ConfNb=1
PI0.Mode=NSS_Signal_Hard_Output
PB2.GPIOParameters=GPIO_Speed,GPIO_PuPd,GPIO_Mode
PD13.Mode=Single Bank 1
PE4.Locked=true
PC11.GPIO_Speed_High_Default=GPIO_SPEED_FREQ_VERY_HIGH
PF2.Signal=FMC_A2
PC2.Locked=true
VP_TIM2_VS_ClockSourceITR.Signal=TIM2_VS_ClockSourceITR
ProjectManager.RegisterCallBack=
PF5.GPIOParameters=GPIO_PuPd,GPIO_Speed_High_Default,GPIO_Mode
PH2.GPIOParameters=GPIO_Speed,PinState,GPIO_PuPd,GPIO_ModeDefaultOutputPP
PH11.Locked=true
RCC.PLLSAIoutputFreq_Value=200000000
PE11.Signal=FMC_D8_DA8
RCC.LSE_VALUE=32768
PD3.Locked=true
PB12.GPIO_Speed=GPIO_SPEED_FREQ_VERY_HIGH
PE7.GPIO_Mode=GPIO_MODE_AF_PP
PB1.Locked=true
PH14.GPIO_Speed=GPIO_SPEED_FREQ_LOW
PG14.Signal=ETH_TXD1
PK3.GPIO_PuPd=GPIO_NOPULL
PB9.GPIO_Mode=GPIO_MODE_AF_OD
PK4.GPIO_PuPd=GPIO_NOPULL
PD11.GPIOParameters=GPIO_Speed,GPIO_PuPd,GPIO_Mode
PA12.GPIO_Mode=GPIO_MODE_AF_PP
PH0/OSC_IN.Signal=RCC_OSC_IN
PI8.Locked=true
PG7.GPIO_Speed=GPIO_SPEED_FREQ_LOW
NVIC.SavedSystickIrqHandlerGenerated=true
RCC.APB2Freq_Value=100000000
PI11.GPIO_Mode=GPIO_MODE_INPUT
SH.FMC_D13_DA13.ConfNb=1
PG4.GPIOParameters=GPIO_PuPd,GPIO_Speed_High_Default,GPIO_Mode
PB7.GPIO_ModeDefaultOutputPP=GPIO_MODE_OUTPUT_PP
PC13.GPIOParameters=GPIO_PuPd,GPIO_Mode
PF10.Signal=GPIO_Output
PH3.GPIO_Mode=GPIO_MODE_AF_PP
PF1.GPIO_PuPd=GPIO_NOPULL
PD13.GPIO_PuPd=GPIO_NOPULL
PE1.GPIO_Speed_High_Default=GPIO_SPEED_FREQ_VERY_HIGH
PF15.Signal=FMC_A9
PA4.GPIOParameters=GPIO_PuPd,GPIO_Mode
PC2.GPIO_PuPd=GPIO_NOPULL
PE6.Signal=GPIO_Output
PB15.GPIOParameters=GPIO_PuPd,GPIO_Mode
Mcu.Name=STM32F769NIHx
PK5.GPIO_PuPd=GPIO_NOPULL
PA2.Signal=ETH_MDIO
PC3.GPIO_Speed_High_Default=GPIO_SPEED_FREQ_VERY_HIGH
PD14.Signal=FMC_D0_DA0
PB3.Signal=SYS_JTDO-SWO
PF0.GPIO_PuPd=GPIO_NOPULL
LWIP.LWIP_NETIF_STATUS_CALLBACK=1
PA12.Mode=CTS_RTS
PG12.Locked=true
PF12.GPIO_Speed_High_Default=GPIO_SPEED_FREQ_VERY_HIGH
PA14.Signal=SYS_JTCK-SWCLK
PF6.GPIOParameters=GPIO_Speed,PinState,GPIO_PuPd,GPIO_ModeDefaultOutputPP
PB9.GPIO_PuPdOD=GPIO_PULLUP
PK4.PinState=GPIO_PIN_RESET
PH2.Locked=true
PA5.GPIO_Speed=GPIO_SPEED_FREQ_LOW
ADC1.NbrOfConversionFlag=1
PK3.GPIO_Speed=GPIO_SPEED_FREQ_LOW
PF8.GPIO_Speed=GPIO_SPEED_FREQ_VERY_HIGH
PI15.Signal=GPIO_Input
PB8.Signal=I2C1_SCL
PF14.GPIO_Mode=GPIO_MODE_AF_PP
PC9.Signal=SDMMC1_D1
PC7.Mode=Asynchronous
PA11.GPIO_Mode=GPIO_MODE_AF_PP
PB8.GPIO_Mode=GPIO_MODE_AF_OD
RCC.APB1Freq_Value=50000000
PJ1.PinState=GPIO_PIN_RESET
PB11.Locked=true
ProjectManager.DeviceId=STM32F769NIHx
ProjectManager.LibraryCopy=1
PI5.GPIO_Speed=GPIO_SPEED_FREQ_LOW
I2C4.IPParameters=Timing,I2C_Speed_Mode,I2C_Rise_Time,I2C_Fall_Time
PC3.GPIO_PuPd=GPIO_NOPULL
PD12.GPIO_PuPd=GPIO_NOPULL
SPI5.Direction=SPI_DIRECTION_2LINES
PB1.GPIOParameters=GPIO_PuPd,GPIO_Mode
PJ12.Locked=true
PA7.Signal=ETH_CRS_DV
PE9.GPIO_PuPd=GPIO_NOPULL
PI15.GPIO_PuPd=GPIO_NOPULL
